// !$*UTF8*$!
{
	archiveVersion = 1;
	classes = {
	};
	objectVersion = 50;
	objects = {

/* Begin PBXBuildFile section */
		5B14FE512508EEFF005BFD73 /* AppDelegate.swift in Sources */ = {isa = PBXBuildFile; fileRef = 5B14FE502508EEFF005BFD73 /* AppDelegate.swift */; };
		5B14FE5B2508EEFF005BFD73 /* STest.xcdatamodeld in Sources */ = {isa = PBXBuildFile; fileRef = 5B14FE592508EEFF005BFD73 /* STest.xcdatamodeld */; };
		5B14FE5D2508EF02005BFD73 /* Assets.xcassets in Resources */ = {isa = PBXBuildFile; fileRef = 5B14FE5C2508EF02005BFD73 /* Assets.xcassets */; };
		5B14FE602508EF02005BFD73 /* LaunchScreen.storyboard in Resources */ = {isa = PBXBuildFile; fileRef = 5B14FE5E2508EF02005BFD73 /* LaunchScreen.storyboard */; };
		5B14FE6C2508EF80005BFD73 /* NetworkAPI.swift in Sources */ = {isa = PBXBuildFile; fileRef = 5B14FE6B2508EF80005BFD73 /* NetworkAPI.swift */; };
		5B14FE6E2508EFC0005BFD73 /* BaseRequest.swift in Sources */ = {isa = PBXBuildFile; fileRef = 5B14FE6D2508EFC0005BFD73 /* BaseRequest.swift */; };
		5B14FE702508F05F005BFD73 /* NetworkError.swift in Sources */ = {isa = PBXBuildFile; fileRef = 5B14FE6F2508F05F005BFD73 /* NetworkError.swift */; };
		5B14FE742508FF03005BFD73 /* AppRouter.swift in Sources */ = {isa = PBXBuildFile; fileRef = 5B14FE732508FF03005BFD73 /* AppRouter.swift */; };
		5B14FE8325090B9A005BFD73 /* SearchAssembler.swift in Sources */ = {isa = PBXBuildFile; fileRef = 5B14FE7825090B9A005BFD73 /* SearchAssembler.swift */; };
		5B14FE8425090B9A005BFD73 /* SearchInteractorOutput.swift in Sources */ = {isa = PBXBuildFile; fileRef = 5B14FE7925090B9A005BFD73 /* SearchInteractorOutput.swift */; };
		5B14FE8525090B9A005BFD73 /* SearchPresenter.swift in Sources */ = {isa = PBXBuildFile; fileRef = 5B14FE7A25090B9A005BFD73 /* SearchPresenter.swift */; };
		5B14FE8625090B9A005BFD73 /* SearchRouting.swift in Sources */ = {isa = PBXBuildFile; fileRef = 5B14FE7B25090B9A005BFD73 /* SearchRouting.swift */; };
		5B14FE8725090B9A005BFD73 /* SearchRouter.swift in Sources */ = {isa = PBXBuildFile; fileRef = 5B14FE7C25090B9A005BFD73 /* SearchRouter.swift */; };
		5B14FE8825090B9A005BFD73 /* SearchInteractorInput.swift in Sources */ = {isa = PBXBuildFile; fileRef = 5B14FE7D25090B9A005BFD73 /* SearchInteractorInput.swift */; };
		5B14FE8925090B9A005BFD73 /* SearchViewController.swift in Sources */ = {isa = PBXBuildFile; fileRef = 5B14FE7E25090B9A005BFD73 /* SearchViewController.swift */; };
		5B14FE8A25090B9A005BFD73 /* SearchPresenterInput.swift in Sources */ = {isa = PBXBuildFile; fileRef = 5B14FE7F25090B9A005BFD73 /* SearchPresenterInput.swift */; };
		5B14FE8B25090B9A005BFD73 /* SearchInteractor.swift in Sources */ = {isa = PBXBuildFile; fileRef = 5B14FE8025090B9A005BFD73 /* SearchInteractor.swift */; };
		5B14FE8C25090B9A005BFD73 /* SearchPresenterOutput.swift in Sources */ = {isa = PBXBuildFile; fileRef = 5B14FE8125090B9A005BFD73 /* SearchPresenterOutput.swift */; };
		5B14FE8D25090B9A005BFD73 /* SearchViewController.xib in Resources */ = {isa = PBXBuildFile; fileRef = 5B14FE8225090B9A005BFD73 /* SearchViewController.xib */; };
		5B14FE9525090C09005BFD73 /* BaseRouter.swift in Sources */ = {isa = PBXBuildFile; fileRef = 5B14FE9425090C09005BFD73 /* BaseRouter.swift */; };
		5B14FE9725090C3F005BFD73 /* BaseRouting.swift in Sources */ = {isa = PBXBuildFile; fileRef = 5B14FE9625090C3F005BFD73 /* BaseRouting.swift */; };
		5B14FE9E25090CCA005BFD73 /* BasePresenting.swift in Sources */ = {isa = PBXBuildFile; fileRef = 5B14FE9D25090CCA005BFD73 /* BasePresenting.swift */; };
		5B14FEA525090DEC005BFD73 /* TranslateService.swift in Sources */ = {isa = PBXBuildFile; fileRef = 5B14FEA425090DEC005BFD73 /* TranslateService.swift */; };
		5B14FEA725090DF7005BFD73 /* TranslateServiceProtocol.swift in Sources */ = {isa = PBXBuildFile; fileRef = 5B14FEA625090DF7005BFD73 /* TranslateServiceProtocol.swift */; };
		5B14FEA925090E2A005BFD73 /* TranslateRequest.swift in Sources */ = {isa = PBXBuildFile; fileRef = 5B14FEA825090E2A005BFD73 /* TranslateRequest.swift */; };
		5B14FEAB25090ED5005BFD73 /* TranslateResponse.swift in Sources */ = {isa = PBXBuildFile; fileRef = 5B14FEAA25090ED5005BFD73 /* TranslateResponse.swift */; };
		5B191B7D250A87A3009694D7 /* HistoryStorageService.swift in Sources */ = {isa = PBXBuildFile; fileRef = 5B191B7C250A87A3009694D7 /* HistoryStorageService.swift */; };
		5B5B6DD7250AB44D00FFA9D6 /* StorageRemover.swift in Sources */ = {isa = PBXBuildFile; fileRef = 5B5B6DD6250AB44D00FFA9D6 /* StorageRemover.swift */; };
		5B5B6DDA250AB7A200FFA9D6 /* NotificationService.swift in Sources */ = {isa = PBXBuildFile; fileRef = 5B5B6DD9250AB7A200FFA9D6 /* NotificationService.swift */; };
		5B5B6DDC250AB7C000FFA9D6 /* NotificationList.swift in Sources */ = {isa = PBXBuildFile; fileRef = 5B5B6DDB250AB7C000FFA9D6 /* NotificationList.swift */; };
		5B5B6DE0250AD14E00FFA9D6 /* BarButton.swift in Sources */ = {isa = PBXBuildFile; fileRef = 5B5B6DDF250AD14E00FFA9D6 /* BarButton.swift */; };
		5B7E88FF25092F70005BB2CE /* LoadingView.swift in Sources */ = {isa = PBXBuildFile; fileRef = 5B7E88FE25092F70005BB2CE /* LoadingView.swift */; };
		5B7E890125093108005BB2CE /* BaseViewController.swift in Sources */ = {isa = PBXBuildFile; fileRef = 5B7E890025093108005BB2CE /* BaseViewController.swift */; };
		5B7E890D250A0E71005BB2CE /* LanguageSelectorAssembler.swift in Sources */ = {isa = PBXBuildFile; fileRef = 5B7E8902250A0E70005BB2CE /* LanguageSelectorAssembler.swift */; };
		5B7E890E250A0E71005BB2CE /* LanguageSelectorInteractorOutput.swift in Sources */ = {isa = PBXBuildFile; fileRef = 5B7E8903250A0E70005BB2CE /* LanguageSelectorInteractorOutput.swift */; };
		5B7E890F250A0E71005BB2CE /* LanguageSelectorPresenter.swift in Sources */ = {isa = PBXBuildFile; fileRef = 5B7E8904250A0E70005BB2CE /* LanguageSelectorPresenter.swift */; };
		5B7E8910250A0E71005BB2CE /* LanguageSelectorRouting.swift in Sources */ = {isa = PBXBuildFile; fileRef = 5B7E8905250A0E70005BB2CE /* LanguageSelectorRouting.swift */; };
		5B7E8911250A0E71005BB2CE /* LanguageSelectorRouter.swift in Sources */ = {isa = PBXBuildFile; fileRef = 5B7E8906250A0E70005BB2CE /* LanguageSelectorRouter.swift */; };
		5B7E8912250A0E71005BB2CE /* LanguageSelectorInteractorInput.swift in Sources */ = {isa = PBXBuildFile; fileRef = 5B7E8907250A0E70005BB2CE /* LanguageSelectorInteractorInput.swift */; };
		5B7E8913250A0E71005BB2CE /* LanguageSelectorViewController.swift in Sources */ = {isa = PBXBuildFile; fileRef = 5B7E8908250A0E70005BB2CE /* LanguageSelectorViewController.swift */; };
		5B7E8914250A0E71005BB2CE /* LanguageSelectorPresenterInput.swift in Sources */ = {isa = PBXBuildFile; fileRef = 5B7E8909250A0E71005BB2CE /* LanguageSelectorPresenterInput.swift */; };
		5B7E8915250A0E71005BB2CE /* LanguageSelectorInteractor.swift in Sources */ = {isa = PBXBuildFile; fileRef = 5B7E890A250A0E71005BB2CE /* LanguageSelectorInteractor.swift */; };
		5B7E8916250A0E71005BB2CE /* LanguageSelectorPresenterOutput.swift in Sources */ = {isa = PBXBuildFile; fileRef = 5B7E890B250A0E71005BB2CE /* LanguageSelectorPresenterOutput.swift */; };
		5B7E8917250A0E71005BB2CE /* LanguageSelectorViewController.xib in Resources */ = {isa = PBXBuildFile; fileRef = 5B7E890C250A0E71005BB2CE /* LanguageSelectorViewController.xib */; };
		5B7E8920250A1208005BB2CE /* LanguageTableHandler.swift in Sources */ = {isa = PBXBuildFile; fileRef = 5B7E891F250A1208005BB2CE /* LanguageTableHandler.swift */; };
		5B7E8922250A1213005BB2CE /* LanguageTableHandling.swift in Sources */ = {isa = PBXBuildFile; fileRef = 5B7E8921250A1213005BB2CE /* LanguageTableHandling.swift */; };
		5BC1CCD7250A20D00034A615 /* NavigationBar.swift in Sources */ = {isa = PBXBuildFile; fileRef = 5BC1CCD6250A20D00034A615 /* NavigationBar.swift */; };
		5BC1CCD9250A560F0034A615 /* BaseNavigationController.swift in Sources */ = {isa = PBXBuildFile; fileRef = 5BC1CCD8250A560F0034A615 /* BaseNavigationController.swift */; };
		5BC1CCDB250A586C0034A615 /* MainTabBarController.swift in Sources */ = {isa = PBXBuildFile; fileRef = 5BC1CCDA250A586C0034A615 /* MainTabBarController.swift */; };
		5BC6D0BF250923D700EB20A6 /* LanguageList.swift in Sources */ = {isa = PBXBuildFile; fileRef = 5BC6D0BE250923D600EB20A6 /* LanguageList.swift */; };
		5BC8B7E4250A6810004181FB /* StorageService.swift in Sources */ = {isa = PBXBuildFile; fileRef = 5BC8B7E3250A6810004181FB /* StorageService.swift */; };
		5BC8B7E6250A6825004181FB /* StorageReceiver.swift in Sources */ = {isa = PBXBuildFile; fileRef = 5BC8B7E5250A6825004181FB /* StorageReceiver.swift */; };
		5BC8B7E8250A6871004181FB /* StorageSetter.swift in Sources */ = {isa = PBXBuildFile; fileRef = 5BC8B7E7250A6871004181FB /* StorageSetter.swift */; };
		5BC8B7F4250A68B9004181FB /* HistoryAssembler.swift in Sources */ = {isa = PBXBuildFile; fileRef = 5BC8B7E9250A68B9004181FB /* HistoryAssembler.swift */; };
		5BC8B7F5250A68B9004181FB /* HistoryInteractorOutput.swift in Sources */ = {isa = PBXBuildFile; fileRef = 5BC8B7EA250A68B9004181FB /* HistoryInteractorOutput.swift */; };
		5BC8B7F6250A68B9004181FB /* HistoryPresenter.swift in Sources */ = {isa = PBXBuildFile; fileRef = 5BC8B7EB250A68B9004181FB /* HistoryPresenter.swift */; };
		5BC8B7F7250A68B9004181FB /* HistoryRouting.swift in Sources */ = {isa = PBXBuildFile; fileRef = 5BC8B7EC250A68B9004181FB /* HistoryRouting.swift */; };
		5BC8B7F8250A68B9004181FB /* HistoryRouter.swift in Sources */ = {isa = PBXBuildFile; fileRef = 5BC8B7ED250A68B9004181FB /* HistoryRouter.swift */; };
		5BC8B7F9250A68B9004181FB /* HistoryInteractorInput.swift in Sources */ = {isa = PBXBuildFile; fileRef = 5BC8B7EE250A68B9004181FB /* HistoryInteractorInput.swift */; };
		5BC8B7FA250A68B9004181FB /* HistoryViewController.swift in Sources */ = {isa = PBXBuildFile; fileRef = 5BC8B7EF250A68B9004181FB /* HistoryViewController.swift */; };
		5BC8B7FB250A68B9004181FB /* HistoryPresenterInput.swift in Sources */ = {isa = PBXBuildFile; fileRef = 5BC8B7F0250A68B9004181FB /* HistoryPresenterInput.swift */; };
		5BC8B7FC250A68B9004181FB /* HistoryInteractor.swift in Sources */ = {isa = PBXBuildFile; fileRef = 5BC8B7F1250A68B9004181FB /* HistoryInteractor.swift */; };
		5BC8B7FD250A68B9004181FB /* HistoryPresenterOutput.swift in Sources */ = {isa = PBXBuildFile; fileRef = 5BC8B7F2250A68B9004181FB /* HistoryPresenterOutput.swift */; };
		5BC8B7FE250A68B9004181FB /* HistoryViewController.xib in Resources */ = {isa = PBXBuildFile; fileRef = 5BC8B7F3250A68B9004181FB /* HistoryViewController.xib */; };
		5BC8B807250A6949004181FB /* HistoryItemModel.swift in Sources */ = {isa = PBXBuildFile; fileRef = 5BC8B806250A6949004181FB /* HistoryItemModel.swift */; };
		5BC8B809250A6980004181FB /* HistoryTableHandler.swift in Sources */ = {isa = PBXBuildFile; fileRef = 5BC8B808250A6980004181FB /* HistoryTableHandler.swift */; };
		5BC8B80B250A698A004181FB /* HistoryTableHandling.swift in Sources */ = {isa = PBXBuildFile; fileRef = 5BC8B80A250A698A004181FB /* HistoryTableHandling.swift */; };
		5BC8B80F250A6D53004181FB /* HistoryTableViewCell.swift in Sources */ = {isa = PBXBuildFile; fileRef = 5BC8B80D250A6D53004181FB /* HistoryTableViewCell.swift */; };
		5BC8B810250A6D53004181FB /* HistoryTableViewCell.xib in Resources */ = {isa = PBXBuildFile; fileRef = 5BC8B80E250A6D53004181FB /* HistoryTableViewCell.xib */; };
		5BECC22D250A9A9600E25A25 /* Encodable.swift in Sources */ = {isa = PBXBuildFile; fileRef = 5BECC22C250A9A9600E25A25 /* Encodable.swift */; };
		5BECC22F250A9C2400E25A25 /* StorageEntity.swift in Sources */ = {isa = PBXBuildFile; fileRef = 5BECC22E250A9C2400E25A25 /* StorageEntity.swift */; };
		5BECC231250AAB8D00E25A25 /* Decodable.swift in Sources */ = {isa = PBXBuildFile; fileRef = 5BECC230250AAB8D00E25A25 /* Decodable.swift */; };
		5BECC233250AAD6A00E25A25 /* TranslateSaver.swift in Sources */ = {isa = PBXBuildFile; fileRef = 5BECC232250AAD6A00E25A25 /* TranslateSaver.swift */; };
		5BECC235250AADA500E25A25 /* TranslateHistoryReciever.swift in Sources */ = {isa = PBXBuildFile; fileRef = 5BECC234250AADA500E25A25 /* TranslateHistoryReciever.swift */; };
		5BECC237250AB1DC00E25A25 /* TranslateHistoryRemover.swift in Sources */ = {isa = PBXBuildFile; fileRef = 5BECC236250AB1DC00E25A25 /* TranslateHistoryRemover.swift */; };
/* End PBXBuildFile section */

/* Begin PBXFileReference section */
		5B14FE4D2508EEFF005BFD73 /* STest.app */ = {isa = PBXFileReference; explicitFileType = wrapper.application; includeInIndex = 0; path = STest.app; sourceTree = BUILT_PRODUCTS_DIR; };
		5B14FE502508EEFF005BFD73 /* AppDelegate.swift */ = {isa = PBXFileReference; lastKnownFileType = sourcecode.swift; path = AppDelegate.swift; sourceTree = "<group>"; };
		5B14FE5A2508EEFF005BFD73 /* STest.xcdatamodel */ = {isa = PBXFileReference; lastKnownFileType = wrapper.xcdatamodel; path = STest.xcdatamodel; sourceTree = "<group>"; };
		5B14FE5C2508EF02005BFD73 /* Assets.xcassets */ = {isa = PBXFileReference; lastKnownFileType = folder.assetcatalog; path = Assets.xcassets; sourceTree = "<group>"; };
		5B14FE5F2508EF02005BFD73 /* Base */ = {isa = PBXFileReference; lastKnownFileType = file.storyboard; name = Base; path = Base.lproj/LaunchScreen.storyboard; sourceTree = "<group>"; };
		5B14FE612508EF02005BFD73 /* Info.plist */ = {isa = PBXFileReference; lastKnownFileType = text.plist.xml; path = Info.plist; sourceTree = "<group>"; };
		5B14FE6B2508EF80005BFD73 /* NetworkAPI.swift */ = {isa = PBXFileReference; lastKnownFileType = sourcecode.swift; path = NetworkAPI.swift; sourceTree = "<group>"; };
		5B14FE6D2508EFC0005BFD73 /* BaseRequest.swift */ = {isa = PBXFileReference; lastKnownFileType = sourcecode.swift; path = BaseRequest.swift; sourceTree = "<group>"; };
		5B14FE6F2508F05F005BFD73 /* NetworkError.swift */ = {isa = PBXFileReference; lastKnownFileType = sourcecode.swift; path = NetworkError.swift; sourceTree = "<group>"; };
		5B14FE732508FF03005BFD73 /* AppRouter.swift */ = {isa = PBXFileReference; lastKnownFileType = sourcecode.swift; path = AppRouter.swift; sourceTree = "<group>"; };
		5B14FE7825090B9A005BFD73 /* SearchAssembler.swift */ = {isa = PBXFileReference; lastKnownFileType = sourcecode.swift; path = SearchAssembler.swift; sourceTree = "<group>"; };
		5B14FE7925090B9A005BFD73 /* SearchInteractorOutput.swift */ = {isa = PBXFileReference; lastKnownFileType = sourcecode.swift; path = SearchInteractorOutput.swift; sourceTree = "<group>"; };
		5B14FE7A25090B9A005BFD73 /* SearchPresenter.swift */ = {isa = PBXFileReference; lastKnownFileType = sourcecode.swift; path = SearchPresenter.swift; sourceTree = "<group>"; };
		5B14FE7B25090B9A005BFD73 /* SearchRouting.swift */ = {isa = PBXFileReference; lastKnownFileType = sourcecode.swift; path = SearchRouting.swift; sourceTree = "<group>"; };
		5B14FE7C25090B9A005BFD73 /* SearchRouter.swift */ = {isa = PBXFileReference; lastKnownFileType = sourcecode.swift; path = SearchRouter.swift; sourceTree = "<group>"; };
		5B14FE7D25090B9A005BFD73 /* SearchInteractorInput.swift */ = {isa = PBXFileReference; lastKnownFileType = sourcecode.swift; path = SearchInteractorInput.swift; sourceTree = "<group>"; };
		5B14FE7E25090B9A005BFD73 /* SearchViewController.swift */ = {isa = PBXFileReference; lastKnownFileType = sourcecode.swift; path = SearchViewController.swift; sourceTree = "<group>"; };
		5B14FE7F25090B9A005BFD73 /* SearchPresenterInput.swift */ = {isa = PBXFileReference; lastKnownFileType = sourcecode.swift; path = SearchPresenterInput.swift; sourceTree = "<group>"; };
		5B14FE8025090B9A005BFD73 /* SearchInteractor.swift */ = {isa = PBXFileReference; lastKnownFileType = sourcecode.swift; path = SearchInteractor.swift; sourceTree = "<group>"; };
		5B14FE8125090B9A005BFD73 /* SearchPresenterOutput.swift */ = {isa = PBXFileReference; lastKnownFileType = sourcecode.swift; path = SearchPresenterOutput.swift; sourceTree = "<group>"; };
		5B14FE8225090B9A005BFD73 /* SearchViewController.xib */ = {isa = PBXFileReference; lastKnownFileType = file.xib; path = SearchViewController.xib; sourceTree = "<group>"; };
		5B14FE9425090C09005BFD73 /* BaseRouter.swift */ = {isa = PBXFileReference; lastKnownFileType = sourcecode.swift; path = BaseRouter.swift; sourceTree = "<group>"; };
		5B14FE9625090C3F005BFD73 /* BaseRouting.swift */ = {isa = PBXFileReference; lastKnownFileType = sourcecode.swift; path = BaseRouting.swift; sourceTree = "<group>"; };
		5B14FE9D25090CCA005BFD73 /* BasePresenting.swift */ = {isa = PBXFileReference; lastKnownFileType = sourcecode.swift; path = BasePresenting.swift; sourceTree = "<group>"; };
		5B14FEA425090DEC005BFD73 /* TranslateService.swift */ = {isa = PBXFileReference; lastKnownFileType = sourcecode.swift; path = TranslateService.swift; sourceTree = "<group>"; };
		5B14FEA625090DF7005BFD73 /* TranslateServiceProtocol.swift */ = {isa = PBXFileReference; lastKnownFileType = sourcecode.swift; path = TranslateServiceProtocol.swift; sourceTree = "<group>"; };
		5B14FEA825090E2A005BFD73 /* TranslateRequest.swift */ = {isa = PBXFileReference; lastKnownFileType = sourcecode.swift; path = TranslateRequest.swift; sourceTree = "<group>"; };
		5B14FEAA25090ED5005BFD73 /* TranslateResponse.swift */ = {isa = PBXFileReference; lastKnownFileType = sourcecode.swift; path = TranslateResponse.swift; sourceTree = "<group>"; };
		5B191B7C250A87A3009694D7 /* HistoryStorageService.swift */ = {isa = PBXFileReference; lastKnownFileType = sourcecode.swift; path = HistoryStorageService.swift; sourceTree = "<group>"; };
		5B5B6DD6250AB44D00FFA9D6 /* StorageRemover.swift */ = {isa = PBXFileReference; lastKnownFileType = sourcecode.swift; path = StorageRemover.swift; sourceTree = "<group>"; };
		5B5B6DD9250AB7A200FFA9D6 /* NotificationService.swift */ = {isa = PBXFileReference; lastKnownFileType = sourcecode.swift; path = NotificationService.swift; sourceTree = "<group>"; };
		5B5B6DDB250AB7C000FFA9D6 /* NotificationList.swift */ = {isa = PBXFileReference; lastKnownFileType = sourcecode.swift; path = NotificationList.swift; sourceTree = "<group>"; };
		5B5B6DDF250AD14E00FFA9D6 /* BarButton.swift */ = {isa = PBXFileReference; lastKnownFileType = sourcecode.swift; path = BarButton.swift; sourceTree = "<group>"; };
		5B7E88FE25092F70005BB2CE /* LoadingView.swift */ = {isa = PBXFileReference; lastKnownFileType = sourcecode.swift; path = LoadingView.swift; sourceTree = "<group>"; };
		5B7E890025093108005BB2CE /* BaseViewController.swift */ = {isa = PBXFileReference; lastKnownFileType = sourcecode.swift; path = BaseViewController.swift; sourceTree = "<group>"; };
		5B7E8902250A0E70005BB2CE /* LanguageSelectorAssembler.swift */ = {isa = PBXFileReference; lastKnownFileType = sourcecode.swift; path = LanguageSelectorAssembler.swift; sourceTree = "<group>"; };
		5B7E8903250A0E70005BB2CE /* LanguageSelectorInteractorOutput.swift */ = {isa = PBXFileReference; lastKnownFileType = sourcecode.swift; path = LanguageSelectorInteractorOutput.swift; sourceTree = "<group>"; };
		5B7E8904250A0E70005BB2CE /* LanguageSelectorPresenter.swift */ = {isa = PBXFileReference; lastKnownFileType = sourcecode.swift; path = LanguageSelectorPresenter.swift; sourceTree = "<group>"; };
		5B7E8905250A0E70005BB2CE /* LanguageSelectorRouting.swift */ = {isa = PBXFileReference; lastKnownFileType = sourcecode.swift; path = LanguageSelectorRouting.swift; sourceTree = "<group>"; };
		5B7E8906250A0E70005BB2CE /* LanguageSelectorRouter.swift */ = {isa = PBXFileReference; lastKnownFileType = sourcecode.swift; path = LanguageSelectorRouter.swift; sourceTree = "<group>"; };
		5B7E8907250A0E70005BB2CE /* LanguageSelectorInteractorInput.swift */ = {isa = PBXFileReference; lastKnownFileType = sourcecode.swift; path = LanguageSelectorInteractorInput.swift; sourceTree = "<group>"; };
		5B7E8908250A0E70005BB2CE /* LanguageSelectorViewController.swift */ = {isa = PBXFileReference; lastKnownFileType = sourcecode.swift; path = LanguageSelectorViewController.swift; sourceTree = "<group>"; };
		5B7E8909250A0E71005BB2CE /* LanguageSelectorPresenterInput.swift */ = {isa = PBXFileReference; lastKnownFileType = sourcecode.swift; path = LanguageSelectorPresenterInput.swift; sourceTree = "<group>"; };
		5B7E890A250A0E71005BB2CE /* LanguageSelectorInteractor.swift */ = {isa = PBXFileReference; lastKnownFileType = sourcecode.swift; path = LanguageSelectorInteractor.swift; sourceTree = "<group>"; };
		5B7E890B250A0E71005BB2CE /* LanguageSelectorPresenterOutput.swift */ = {isa = PBXFileReference; lastKnownFileType = sourcecode.swift; path = LanguageSelectorPresenterOutput.swift; sourceTree = "<group>"; };
		5B7E890C250A0E71005BB2CE /* LanguageSelectorViewController.xib */ = {isa = PBXFileReference; lastKnownFileType = file.xib; path = LanguageSelectorViewController.xib; sourceTree = "<group>"; };
		5B7E891F250A1208005BB2CE /* LanguageTableHandler.swift */ = {isa = PBXFileReference; lastKnownFileType = sourcecode.swift; path = LanguageTableHandler.swift; sourceTree = "<group>"; };
		5B7E8921250A1213005BB2CE /* LanguageTableHandling.swift */ = {isa = PBXFileReference; lastKnownFileType = sourcecode.swift; path = LanguageTableHandling.swift; sourceTree = "<group>"; };
		5BC1CCD6250A20D00034A615 /* NavigationBar.swift */ = {isa = PBXFileReference; lastKnownFileType = sourcecode.swift; path = NavigationBar.swift; sourceTree = "<group>"; };
		5BC1CCD8250A560F0034A615 /* BaseNavigationController.swift */ = {isa = PBXFileReference; lastKnownFileType = sourcecode.swift; path = BaseNavigationController.swift; sourceTree = "<group>"; };
		5BC1CCDA250A586C0034A615 /* MainTabBarController.swift */ = {isa = PBXFileReference; lastKnownFileType = sourcecode.swift; path = MainTabBarController.swift; sourceTree = "<group>"; };
		5BC6D0BE250923D600EB20A6 /* LanguageList.swift */ = {isa = PBXFileReference; lastKnownFileType = sourcecode.swift; path = LanguageList.swift; sourceTree = "<group>"; };
		5BC8B7E3250A6810004181FB /* StorageService.swift */ = {isa = PBXFileReference; lastKnownFileType = sourcecode.swift; path = StorageService.swift; sourceTree = "<group>"; };
		5BC8B7E5250A6825004181FB /* StorageReceiver.swift */ = {isa = PBXFileReference; lastKnownFileType = sourcecode.swift; path = StorageReceiver.swift; sourceTree = "<group>"; };
		5BC8B7E7250A6871004181FB /* StorageSetter.swift */ = {isa = PBXFileReference; lastKnownFileType = sourcecode.swift; path = StorageSetter.swift; sourceTree = "<group>"; };
		5BC8B7E9250A68B9004181FB /* HistoryAssembler.swift */ = {isa = PBXFileReference; lastKnownFileType = sourcecode.swift; path = HistoryAssembler.swift; sourceTree = "<group>"; };
		5BC8B7EA250A68B9004181FB /* HistoryInteractorOutput.swift */ = {isa = PBXFileReference; lastKnownFileType = sourcecode.swift; path = HistoryInteractorOutput.swift; sourceTree = "<group>"; };
		5BC8B7EB250A68B9004181FB /* HistoryPresenter.swift */ = {isa = PBXFileReference; lastKnownFileType = sourcecode.swift; path = HistoryPresenter.swift; sourceTree = "<group>"; };
		5BC8B7EC250A68B9004181FB /* HistoryRouting.swift */ = {isa = PBXFileReference; lastKnownFileType = sourcecode.swift; path = HistoryRouting.swift; sourceTree = "<group>"; };
		5BC8B7ED250A68B9004181FB /* HistoryRouter.swift */ = {isa = PBXFileReference; lastKnownFileType = sourcecode.swift; path = HistoryRouter.swift; sourceTree = "<group>"; };
		5BC8B7EE250A68B9004181FB /* HistoryInteractorInput.swift */ = {isa = PBXFileReference; lastKnownFileType = sourcecode.swift; path = HistoryInteractorInput.swift; sourceTree = "<group>"; };
		5BC8B7EF250A68B9004181FB /* HistoryViewController.swift */ = {isa = PBXFileReference; lastKnownFileType = sourcecode.swift; path = HistoryViewController.swift; sourceTree = "<group>"; };
		5BC8B7F0250A68B9004181FB /* HistoryPresenterInput.swift */ = {isa = PBXFileReference; lastKnownFileType = sourcecode.swift; path = HistoryPresenterInput.swift; sourceTree = "<group>"; };
		5BC8B7F1250A68B9004181FB /* HistoryInteractor.swift */ = {isa = PBXFileReference; lastKnownFileType = sourcecode.swift; path = HistoryInteractor.swift; sourceTree = "<group>"; };
		5BC8B7F2250A68B9004181FB /* HistoryPresenterOutput.swift */ = {isa = PBXFileReference; lastKnownFileType = sourcecode.swift; path = HistoryPresenterOutput.swift; sourceTree = "<group>"; };
		5BC8B7F3250A68B9004181FB /* HistoryViewController.xib */ = {isa = PBXFileReference; lastKnownFileType = file.xib; path = HistoryViewController.xib; sourceTree = "<group>"; };
		5BC8B806250A6949004181FB /* HistoryItemModel.swift */ = {isa = PBXFileReference; lastKnownFileType = sourcecode.swift; path = HistoryItemModel.swift; sourceTree = "<group>"; };
		5BC8B808250A6980004181FB /* HistoryTableHandler.swift */ = {isa = PBXFileReference; lastKnownFileType = sourcecode.swift; path = HistoryTableHandler.swift; sourceTree = "<group>"; };
		5BC8B80A250A698A004181FB /* HistoryTableHandling.swift */ = {isa = PBXFileReference; lastKnownFileType = sourcecode.swift; path = HistoryTableHandling.swift; sourceTree = "<group>"; };
		5BC8B80D250A6D53004181FB /* HistoryTableViewCell.swift */ = {isa = PBXFileReference; lastKnownFileType = sourcecode.swift; path = HistoryTableViewCell.swift; sourceTree = "<group>"; };
		5BC8B80E250A6D53004181FB /* HistoryTableViewCell.xib */ = {isa = PBXFileReference; lastKnownFileType = file.xib; path = HistoryTableViewCell.xib; sourceTree = "<group>"; };
		5BECC22C250A9A9600E25A25 /* Encodable.swift */ = {isa = PBXFileReference; lastKnownFileType = sourcecode.swift; path = Encodable.swift; sourceTree = "<group>"; };
		5BECC22E250A9C2400E25A25 /* StorageEntity.swift */ = {isa = PBXFileReference; lastKnownFileType = sourcecode.swift; path = StorageEntity.swift; sourceTree = "<group>"; };
		5BECC230250AAB8D00E25A25 /* Decodable.swift */ = {isa = PBXFileReference; lastKnownFileType = sourcecode.swift; path = Decodable.swift; sourceTree = "<group>"; };
		5BECC232250AAD6A00E25A25 /* TranslateSaver.swift */ = {isa = PBXFileReference; lastKnownFileType = sourcecode.swift; path = TranslateSaver.swift; sourceTree = "<group>"; };
		5BECC234250AADA500E25A25 /* TranslateHistoryReciever.swift */ = {isa = PBXFileReference; lastKnownFileType = sourcecode.swift; path = TranslateHistoryReciever.swift; sourceTree = "<group>"; };
		5BECC236250AB1DC00E25A25 /* TranslateHistoryRemover.swift */ = {isa = PBXFileReference; lastKnownFileType = sourcecode.swift; path = TranslateHistoryRemover.swift; sourceTree = "<group>"; };
/* End PBXFileReference section */

/* Begin PBXFrameworksBuildPhase section */
		5B14FE4A2508EEFF005BFD73 /* Frameworks */ = {
			isa = PBXFrameworksBuildPhase;
			buildActionMask = 2147483647;
			files = (
			);
			runOnlyForDeploymentPostprocessing = 0;
		};
/* End PBXFrameworksBuildPhase section */

/* Begin PBXGroup section */
		5B14FE442508EEFF005BFD73 = {
			isa = PBXGroup;
			children = (
				5B14FE4F2508EEFF005BFD73 /* STest */,
				5B14FE4E2508EEFF005BFD73 /* Products */,
			);
			sourceTree = "<group>";
		};
		5B14FE4E2508EEFF005BFD73 /* Products */ = {
			isa = PBXGroup;
			children = (
				5B14FE4D2508EEFF005BFD73 /* STest.app */,
			);
			name = Products;
			sourceTree = "<group>";
		};
		5B14FE4F2508EEFF005BFD73 /* STest */ = {
			isa = PBXGroup;
			children = (
				5BC6D0C025092ED700EB20A6 /* UI */,
				5B14FE672508EF1A005BFD73 /* Modules */,
				5B14FE682508EF22005BFD73 /* Core */,
				5B14FE692508EF27005BFD73 /* Extensions */,
				5B14FE9F25090D68005BFD73 /* Services */,
				5B14FE502508EEFF005BFD73 /* AppDelegate.swift */,
				5B14FE732508FF03005BFD73 /* AppRouter.swift */,
				5B14FE5C2508EF02005BFD73 /* Assets.xcassets */,
				5B14FE5E2508EF02005BFD73 /* LaunchScreen.storyboard */,
				5B14FE612508EF02005BFD73 /* Info.plist */,
				5B14FE592508EEFF005BFD73 /* STest.xcdatamodeld */,
			);
			path = STest;
			sourceTree = "<group>";
		};
		5B14FE672508EF1A005BFD73 /* Modules */ = {
			isa = PBXGroup;
			children = (
				5BC8B7E1250A66FE004181FB /* History */,
				5BC6D0A125091B8500EB20A6 /* LanguageSelector */,
				5B14FE7725090B86005BFD73 /* Search */,
			);
			path = Modules;
			sourceTree = "<group>";
		};
		5B14FE682508EF22005BFD73 /* Core */ = {
			isa = PBXGroup;
			children = (
				5B5B6DD8250AB79300FFA9D6 /* Notification */,
				5BC8B7E2250A67FC004181FB /* Storage */,
				5B14FE9325090BF1005BFD73 /* Base */,
				5B14FE6A2508EF5B005BFD73 /* Network */,
				5BC6D0BE250923D600EB20A6 /* LanguageList.swift */,
			);
			path = Core;
			sourceTree = "<group>";
		};
		5B14FE692508EF27005BFD73 /* Extensions */ = {
			isa = PBXGroup;
			children = (
				5BECC22C250A9A9600E25A25 /* Encodable.swift */,
				5BECC230250AAB8D00E25A25 /* Decodable.swift */,
			);
			path = Extensions;
			sourceTree = "<group>";
		};
		5B14FE6A2508EF5B005BFD73 /* Network */ = {
			isa = PBXGroup;
			children = (
				5B14FE6B2508EF80005BFD73 /* NetworkAPI.swift */,
				5B14FE6F2508F05F005BFD73 /* NetworkError.swift */,
				5B14FE6D2508EFC0005BFD73 /* BaseRequest.swift */,
			);
			path = Network;
			sourceTree = "<group>";
		};
		5B14FE7725090B86005BFD73 /* Search */ = {
			isa = PBXGroup;
			children = (
				5B14FE8E25090BA8005BFD73 /* Assembler */,
				5B14FE9225090BE7005BFD73 /* Router */,
				5B14FE9125090BD8005BFD73 /* Interactor */,
				5B14FE9025090BCD005BFD73 /* Presenter */,
				5B14FE8F25090BB6005BFD73 /* ViewController */,
			);
			path = Search;
			sourceTree = "<group>";
		};
		5B14FE8E25090BA8005BFD73 /* Assembler */ = {
			isa = PBXGroup;
			children = (
				5B14FE7825090B9A005BFD73 /* SearchAssembler.swift */,
			);
			path = Assembler;
			sourceTree = "<group>";
		};
		5B14FE8F25090BB6005BFD73 /* ViewController */ = {
			isa = PBXGroup;
			children = (
				5B14FE7E25090B9A005BFD73 /* SearchViewController.swift */,
				5B14FE8225090B9A005BFD73 /* SearchViewController.xib */,
			);
			path = ViewController;
			sourceTree = "<group>";
		};
		5B14FE9025090BCD005BFD73 /* Presenter */ = {
			isa = PBXGroup;
			children = (
				5B14FE7A25090B9A005BFD73 /* SearchPresenter.swift */,
				5B14FE7F25090B9A005BFD73 /* SearchPresenterInput.swift */,
				5B14FE8125090B9A005BFD73 /* SearchPresenterOutput.swift */,
			);
			path = Presenter;
			sourceTree = "<group>";
		};
		5B14FE9125090BD8005BFD73 /* Interactor */ = {
			isa = PBXGroup;
			children = (
				5B14FE8025090B9A005BFD73 /* SearchInteractor.swift */,
				5B14FE7D25090B9A005BFD73 /* SearchInteractorInput.swift */,
				5B14FE7925090B9A005BFD73 /* SearchInteractorOutput.swift */,
			);
			path = Interactor;
			sourceTree = "<group>";
		};
		5B14FE9225090BE7005BFD73 /* Router */ = {
			isa = PBXGroup;
			children = (
				5B14FE7B25090B9A005BFD73 /* SearchRouting.swift */,
				5B14FE7C25090B9A005BFD73 /* SearchRouter.swift */,
			);
			path = Router;
			sourceTree = "<group>";
		};
		5B14FE9325090BF1005BFD73 /* Base */ = {
			isa = PBXGroup;
			children = (
				5B14FE9C25090CC0005BFD73 /* Presenting */,
				5B14FE9825090C5D005BFD73 /* Router */,
				5B7E890025093108005BB2CE /* BaseViewController.swift */,
				5BC1CCD8250A560F0034A615 /* BaseNavigationController.swift */,
				5BC1CCDA250A586C0034A615 /* MainTabBarController.swift */,
			);
			path = Base;
			sourceTree = "<group>";
		};
		5B14FE9825090C5D005BFD73 /* Router */ = {
			isa = PBXGroup;
			children = (
				5B14FE9625090C3F005BFD73 /* BaseRouting.swift */,
				5B14FE9425090C09005BFD73 /* BaseRouter.swift */,
			);
			path = Router;
			sourceTree = "<group>";
		};
		5B14FE9C25090CC0005BFD73 /* Presenting */ = {
			isa = PBXGroup;
			children = (
				5B14FE9D25090CCA005BFD73 /* BasePresenting.swift */,
			);
			path = Presenting;
			sourceTree = "<group>";
		};
		5B14FE9F25090D68005BFD73 /* Services */ = {
			isa = PBXGroup;
			children = (
				5B191B7B250A8792009694D7 /* Storage */,
				5B14FEA025090DBB005BFD73 /* Network */,
			);
			path = Services;
			sourceTree = "<group>";
		};
		5B14FEA025090DBB005BFD73 /* Network */ = {
			isa = PBXGroup;
			children = (
				5B14FEA125090DC1005BFD73 /* Translate */,
			);
			path = Network;
			sourceTree = "<group>";
		};
		5B14FEA125090DC1005BFD73 /* Translate */ = {
			isa = PBXGroup;
			children = (
				5B14FEA325090DD4005BFD73 /* Responses */,
				5B14FEA225090DCC005BFD73 /* Requests */,
				5B14FEA425090DEC005BFD73 /* TranslateService.swift */,
				5B14FEA625090DF7005BFD73 /* TranslateServiceProtocol.swift */,
			);
			path = Translate;
			sourceTree = "<group>";
		};
		5B14FEA225090DCC005BFD73 /* Requests */ = {
			isa = PBXGroup;
			children = (
				5B14FEA825090E2A005BFD73 /* TranslateRequest.swift */,
			);
			path = Requests;
			sourceTree = "<group>";
		};
		5B14FEA325090DD4005BFD73 /* Responses */ = {
			isa = PBXGroup;
			children = (
				5B14FEAA25090ED5005BFD73 /* TranslateResponse.swift */,
			);
			path = Responses;
			sourceTree = "<group>";
		};
		5B191B7B250A8792009694D7 /* Storage */ = {
			isa = PBXGroup;
			children = (
				5B191B7C250A87A3009694D7 /* HistoryStorageService.swift */,
				5BECC232250AAD6A00E25A25 /* TranslateSaver.swift */,
				5BECC234250AADA500E25A25 /* TranslateHistoryReciever.swift */,
				5BECC236250AB1DC00E25A25 /* TranslateHistoryRemover.swift */,
			);
			path = Storage;
			sourceTree = "<group>";
		};
		5B5B6DD8250AB79300FFA9D6 /* Notification */ = {
			isa = PBXGroup;
			children = (
				5B5B6DD9250AB7A200FFA9D6 /* NotificationService.swift */,
				5B5B6DDB250AB7C000FFA9D6 /* NotificationList.swift */,
			);
			path = Notification;
			sourceTree = "<group>";
		};
		5B7E8918250A0ED9005BB2CE /* ViewController */ = {
			isa = PBXGroup;
			children = (
				5B7E8908250A0E70005BB2CE /* LanguageSelectorViewController.swift */,
				5B7E890C250A0E71005BB2CE /* LanguageSelectorViewController.xib */,
			);
			path = ViewController;
			sourceTree = "<group>";
		};
		5B7E8919250A0EE7005BB2CE /* Assembler */ = {
			isa = PBXGroup;
			children = (
				5B7E8902250A0E70005BB2CE /* LanguageSelectorAssembler.swift */,
			);
			path = Assembler;
			sourceTree = "<group>";
		};
		5B7E891A250A0EF3005BB2CE /* Router */ = {
			isa = PBXGroup;
			children = (
				5B7E8905250A0E70005BB2CE /* LanguageSelectorRouting.swift */,
				5B7E8906250A0E70005BB2CE /* LanguageSelectorRouter.swift */,
			);
			path = Router;
			sourceTree = "<group>";
		};
		5B7E891B250A0F2A005BB2CE /* Interactor */ = {
			isa = PBXGroup;
			children = (
				5B7E890A250A0E71005BB2CE /* LanguageSelectorInteractor.swift */,
				5B7E8907250A0E70005BB2CE /* LanguageSelectorInteractorInput.swift */,
				5B7E8903250A0E70005BB2CE /* LanguageSelectorInteractorOutput.swift */,
			);
			path = Interactor;
			sourceTree = "<group>";
		};
		5B7E891D250A0F3C005BB2CE /* Presenter */ = {
			isa = PBXGroup;
			children = (
				5B7E8904250A0E70005BB2CE /* LanguageSelectorPresenter.swift */,
				5B7E8909250A0E71005BB2CE /* LanguageSelectorPresenterInput.swift */,
				5B7E890B250A0E71005BB2CE /* LanguageSelectorPresenterOutput.swift */,
			);
			path = Presenter;
			sourceTree = "<group>";
		};
		5B7E891E250A11EC005BB2CE /* TableHandler */ = {
			isa = PBXGroup;
			children = (
				5B7E891F250A1208005BB2CE /* LanguageTableHandler.swift */,
				5B7E8921250A1213005BB2CE /* LanguageTableHandling.swift */,
			);
			path = TableHandler;
			sourceTree = "<group>";
		};
		5BC6D0A125091B8500EB20A6 /* LanguageSelector */ = {
			isa = PBXGroup;
			children = (
				5B7E891E250A11EC005BB2CE /* TableHandler */,
				5B7E8919250A0EE7005BB2CE /* Assembler */,
				5B7E891A250A0EF3005BB2CE /* Router */,
				5B7E891B250A0F2A005BB2CE /* Interactor */,
				5B7E891D250A0F3C005BB2CE /* Presenter */,
				5B7E8918250A0ED9005BB2CE /* ViewController */,
			);
			path = LanguageSelector;
			sourceTree = "<group>";
		};
		5BC6D0C025092ED700EB20A6 /* UI */ = {
			isa = PBXGroup;
			children = (
				5B7E88FE25092F70005BB2CE /* LoadingView.swift */,
				5BC1CCD6250A20D00034A615 /* NavigationBar.swift */,
				5B5B6DDF250AD14E00FFA9D6 /* BarButton.swift */,
			);
			path = UI;
			sourceTree = "<group>";
		};
		5BC8B7E1250A66FE004181FB /* History */ = {
			isa = PBXGroup;
			children = (
				5BC8B80C250A69F8004181FB /* Cell */,
				5BC8B805250A6936004181FB /* Model */,
				5BC8B804250A6921004181FB /* TableHandler */,
				5BC8B803250A6901004181FB /* Assembler */,
				5BC8B802250A68FA004181FB /* Router */,
				5BC8B801250A68E9004181FB /* Interactor */,
				5BC8B800250A68E0004181FB /* Presenter */,
				5BC8B7FF250A68CC004181FB /* ViewController */,
			);
			path = History;
			sourceTree = "<group>";
		};
		5BC8B7E2250A67FC004181FB /* Storage */ = {
			isa = PBXGroup;
			children = (
				5BC8B7E3250A6810004181FB /* StorageService.swift */,
				5BC8B7E5250A6825004181FB /* StorageReceiver.swift */,
				5BECC22E250A9C2400E25A25 /* StorageEntity.swift */,
				5BC8B7E7250A6871004181FB /* StorageSetter.swift */,
				5B5B6DD6250AB44D00FFA9D6 /* StorageRemover.swift */,
			);
			path = Storage;
			sourceTree = "<group>";
		};
		5BC8B7FF250A68CC004181FB /* ViewController */ = {
			isa = PBXGroup;
			children = (
				5BC8B7EF250A68B9004181FB /* HistoryViewController.swift */,
				5BC8B7F3250A68B9004181FB /* HistoryViewController.xib */,
			);
			path = ViewController;
			sourceTree = "<group>";
		};
		5BC8B800250A68E0004181FB /* Presenter */ = {
			isa = PBXGroup;
			children = (
				5BC8B7EB250A68B9004181FB /* HistoryPresenter.swift */,
				5BC8B7F0250A68B9004181FB /* HistoryPresenterInput.swift */,
				5BC8B7F2250A68B9004181FB /* HistoryPresenterOutput.swift */,
			);
			path = Presenter;
			sourceTree = "<group>";
		};
		5BC8B801250A68E9004181FB /* Interactor */ = {
			isa = PBXGroup;
			children = (
				5BC8B7F1250A68B9004181FB /* HistoryInteractor.swift */,
				5BC8B7EE250A68B9004181FB /* HistoryInteractorInput.swift */,
				5BC8B7EA250A68B9004181FB /* HistoryInteractorOutput.swift */,
			);
			path = Interactor;
			sourceTree = "<group>";
		};
		5BC8B802250A68FA004181FB /* Router */ = {
			isa = PBXGroup;
			children = (
				5BC8B7EC250A68B9004181FB /* HistoryRouting.swift */,
				5BC8B7ED250A68B9004181FB /* HistoryRouter.swift */,
			);
			path = Router;
			sourceTree = "<group>";
		};
		5BC8B803250A6901004181FB /* Assembler */ = {
			isa = PBXGroup;
			children = (
				5BC8B7E9250A68B9004181FB /* HistoryAssembler.swift */,
			);
			path = Assembler;
			sourceTree = "<group>";
		};
		5BC8B804250A6921004181FB /* TableHandler */ = {
			isa = PBXGroup;
			children = (
				5BC8B808250A6980004181FB /* HistoryTableHandler.swift */,
				5BC8B80A250A698A004181FB /* HistoryTableHandling.swift */,
			);
			path = TableHandler;
			sourceTree = "<group>";
		};
		5BC8B805250A6936004181FB /* Model */ = {
			isa = PBXGroup;
			children = (
				5BC8B806250A6949004181FB /* HistoryItemModel.swift */,
			);
			path = Model;
			sourceTree = "<group>";
		};
		5BC8B80C250A69F8004181FB /* Cell */ = {
			isa = PBXGroup;
			children = (
				5BC8B80D250A6D53004181FB /* HistoryTableViewCell.swift */,
				5BC8B80E250A6D53004181FB /* HistoryTableViewCell.xib */,
			);
			path = Cell;
			sourceTree = "<group>";
		};
/* End PBXGroup section */

/* Begin PBXNativeTarget section */
		5B14FE4C2508EEFF005BFD73 /* STest */ = {
			isa = PBXNativeTarget;
			buildConfigurationList = 5B14FE642508EF02005BFD73 /* Build configuration list for PBXNativeTarget "STest" */;
			buildPhases = (
				5B14FE492508EEFF005BFD73 /* Sources */,
				5B14FE4A2508EEFF005BFD73 /* Frameworks */,
				5B14FE4B2508EEFF005BFD73 /* Resources */,
			);
			buildRules = (
			);
			dependencies = (
			);
			name = STest;
			productName = STest;
			productReference = 5B14FE4D2508EEFF005BFD73 /* STest.app */;
			productType = "com.apple.product-type.application";
		};
/* End PBXNativeTarget section */

/* Begin PBXProject section */
		5B14FE452508EEFF005BFD73 /* Project object */ = {
			isa = PBXProject;
			attributes = {
				LastSwiftUpdateCheck = 1170;
				LastUpgradeCheck = 1170;
				ORGANIZATIONNAME = dev.bsl;
				TargetAttributes = {
					5B14FE4C2508EEFF005BFD73 = {
						CreatedOnToolsVersion = 11.7;
					};
				};
			};
			buildConfigurationList = 5B14FE482508EEFF005BFD73 /* Build configuration list for PBXProject "STest" */;
			compatibilityVersion = "Xcode 9.3";
			developmentRegion = en;
			hasScannedForEncodings = 0;
			knownRegions = (
				en,
				Base,
			);
			mainGroup = 5B14FE442508EEFF005BFD73;
			productRefGroup = 5B14FE4E2508EEFF005BFD73 /* Products */;
			projectDirPath = "";
			projectRoot = "";
			targets = (
				5B14FE4C2508EEFF005BFD73 /* STest */,
			);
		};
/* End PBXProject section */

/* Begin PBXResourcesBuildPhase section */
		5B14FE4B2508EEFF005BFD73 /* Resources */ = {
			isa = PBXResourcesBuildPhase;
			buildActionMask = 2147483647;
			files = (
				5B14FE602508EF02005BFD73 /* LaunchScreen.storyboard in Resources */,
				5B14FE5D2508EF02005BFD73 /* Assets.xcassets in Resources */,
				5B14FE8D25090B9A005BFD73 /* SearchViewController.xib in Resources */,
				5BC8B7FE250A68B9004181FB /* HistoryViewController.xib in Resources */,
				5BC8B810250A6D53004181FB /* HistoryTableViewCell.xib in Resources */,
				5B7E8917250A0E71005BB2CE /* LanguageSelectorViewController.xib in Resources */,
			);
			runOnlyForDeploymentPostprocessing = 0;
		};
/* End PBXResourcesBuildPhase section */

/* Begin PBXSourcesBuildPhase section */
		5B14FE492508EEFF005BFD73 /* Sources */ = {
			isa = PBXSourcesBuildPhase;
			buildActionMask = 2147483647;
			files = (
				5B14FE8825090B9A005BFD73 /* SearchInteractorInput.swift in Sources */,
				5B14FE9525090C09005BFD73 /* BaseRouter.swift in Sources */,
				5B7E8910250A0E71005BB2CE /* LanguageSelectorRouting.swift in Sources */,
				5B191B7D250A87A3009694D7 /* HistoryStorageService.swift in Sources */,
				5B14FE8725090B9A005BFD73 /* SearchRouter.swift in Sources */,
				5B14FE9725090C3F005BFD73 /* BaseRouting.swift in Sources */,
				5BECC233250AAD6A00E25A25 /* TranslateSaver.swift in Sources */,
				5B14FE8B25090B9A005BFD73 /* SearchInteractor.swift in Sources */,
				5B7E890125093108005BB2CE /* BaseViewController.swift in Sources */,
				5B14FEA925090E2A005BFD73 /* TranslateRequest.swift in Sources */,
				5BECC237250AB1DC00E25A25 /* TranslateHistoryRemover.swift in Sources */,
				5BC8B7E8250A6871004181FB /* StorageSetter.swift in Sources */,
				5B7E8916250A0E71005BB2CE /* LanguageSelectorPresenterOutput.swift in Sources */,
				5B14FE6E2508EFC0005BFD73 /* BaseRequest.swift in Sources */,
				5BC8B7FD250A68B9004181FB /* HistoryPresenterOutput.swift in Sources */,
				5BC6D0BF250923D700EB20A6 /* LanguageList.swift in Sources */,
				5B7E8920250A1208005BB2CE /* LanguageTableHandler.swift in Sources */,
				5BC8B80B250A698A004181FB /* HistoryTableHandling.swift in Sources */,
				5BC8B80F250A6D53004181FB /* HistoryTableViewCell.swift in Sources */,
				5B14FE8625090B9A005BFD73 /* SearchRouting.swift in Sources */,
				5BC8B7F7250A68B9004181FB /* HistoryRouting.swift in Sources */,
				5BECC22D250A9A9600E25A25 /* Encodable.swift in Sources */,
				5B14FE5B2508EEFF005BFD73 /* STest.xcdatamodeld in Sources */,
				5BECC231250AAB8D00E25A25 /* Decodable.swift in Sources */,
				5BC1CCDB250A586C0034A615 /* MainTabBarController.swift in Sources */,
				5B14FE8525090B9A005BFD73 /* SearchPresenter.swift in Sources */,
				5B7E88FF25092F70005BB2CE /* LoadingView.swift in Sources */,
				5B7E8915250A0E71005BB2CE /* LanguageSelectorInteractor.swift in Sources */,
				5B7E890E250A0E71005BB2CE /* LanguageSelectorInteractorOutput.swift in Sources */,
				5B7E8922250A1213005BB2CE /* LanguageTableHandling.swift in Sources */,
				5B14FE8A25090B9A005BFD73 /* SearchPresenterInput.swift in Sources */,
				5B14FE742508FF03005BFD73 /* AppRouter.swift in Sources */,
				5B5B6DDC250AB7C000FFA9D6 /* NotificationList.swift in Sources */,
				5BC8B7F4250A68B9004181FB /* HistoryAssembler.swift in Sources */,
				5BC8B7FB250A68B9004181FB /* HistoryPresenterInput.swift in Sources */,
				5BECC235250AADA500E25A25 /* TranslateHistoryReciever.swift in Sources */,
				5B14FE8C25090B9A005BFD73 /* SearchPresenterOutput.swift in Sources */,
				5B14FEA525090DEC005BFD73 /* TranslateService.swift in Sources */,
				5B7E890D250A0E71005BB2CE /* LanguageSelectorAssembler.swift in Sources */,
				5B14FE512508EEFF005BFD73 /* AppDelegate.swift in Sources */,
				5B14FEA725090DF7005BFD73 /* TranslateServiceProtocol.swift in Sources */,
				5B14FE9E25090CCA005BFD73 /* BasePresenting.swift in Sources */,
				5B5B6DE0250AD14E00FFA9D6 /* BarButton.swift in Sources */,
				5BC1CCD9250A560F0034A615 /* BaseNavigationController.swift in Sources */,
				5BC8B7FC250A68B9004181FB /* HistoryInteractor.swift in Sources */,
				5BC8B807250A6949004181FB /* HistoryItemModel.swift in Sources */,
				5B14FE8925090B9A005BFD73 /* SearchViewController.swift in Sources */,
				5B7E8914250A0E71005BB2CE /* LanguageSelectorPresenterInput.swift in Sources */,
				5BC8B809250A6980004181FB /* HistoryTableHandler.swift in Sources */,
				5BECC22F250A9C2400E25A25 /* StorageEntity.swift in Sources */,
				5BC8B7E6250A6825004181FB /* StorageReceiver.swift in Sources */,
				5B14FE8425090B9A005BFD73 /* SearchInteractorOutput.swift in Sources */,
				5B14FE8325090B9A005BFD73 /* SearchAssembler.swift in Sources */,
				5B14FE6C2508EF80005BFD73 /* NetworkAPI.swift in Sources */,
				5B14FE702508F05F005BFD73 /* NetworkError.swift in Sources */,
				5BC8B7F9250A68B9004181FB /* HistoryInteractorInput.swift in Sources */,
				5B5B6DD7250AB44D00FFA9D6 /* StorageRemover.swift in Sources */,
				5BC8B7F8250A68B9004181FB /* HistoryRouter.swift in Sources */,
				5BC8B7F5250A68B9004181FB /* HistoryInteractorOutput.swift in Sources */,
				5BC8B7FA250A68B9004181FB /* HistoryViewController.swift in Sources */,
				5B7E8912250A0E71005BB2CE /* LanguageSelectorInteractorInput.swift in Sources */,
				5B7E8911250A0E71005BB2CE /* LanguageSelectorRouter.swift in Sources */,
				5BC8B7E4250A6810004181FB /* StorageService.swift in Sources */,
				5B5B6DDA250AB7A200FFA9D6 /* NotificationService.swift in Sources */,
				5BC8B7F6250A68B9004181FB /* HistoryPresenter.swift in Sources */,
				5BC1CCD7250A20D00034A615 /* NavigationBar.swift in Sources */,
				5B14FEAB25090ED5005BFD73 /* TranslateResponse.swift in Sources */,
				5B7E890F250A0E71005BB2CE /* LanguageSelectorPresenter.swift in Sources */,
				5B7E8913250A0E71005BB2CE /* LanguageSelectorViewController.swift in Sources */,
			);
			runOnlyForDeploymentPostprocessing = 0;
		};
/* End PBXSourcesBuildPhase section */

/* Begin PBXVariantGroup section */
		5B14FE5E2508EF02005BFD73 /* LaunchScreen.storyboard */ = {
			isa = PBXVariantGroup;
			children = (
				5B14FE5F2508EF02005BFD73 /* Base */,
			);
			name = LaunchScreen.storyboard;
			sourceTree = "<group>";
		};
/* End PBXVariantGroup section */

/* Begin XCBuildConfiguration section */
		5B14FE622508EF02005BFD73 /* Debug */ = {
			isa = XCBuildConfiguration;
			buildSettings = {
				ALWAYS_SEARCH_USER_PATHS = NO;
				CLANG_ANALYZER_NONNULL = YES;
				CLANG_ANALYZER_NUMBER_OBJECT_CONVERSION = YES_AGGRESSIVE;
				CLANG_CXX_LANGUAGE_STANDARD = "gnu++14";
				CLANG_CXX_LIBRARY = "libc++";
				CLANG_ENABLE_MODULES = YES;
				CLANG_ENABLE_OBJC_ARC = YES;
				CLANG_ENABLE_OBJC_WEAK = YES;
				CLANG_WARN_BLOCK_CAPTURE_AUTORELEASING = YES;
				CLANG_WARN_BOOL_CONVERSION = YES;
				CLANG_WARN_COMMA = YES;
				CLANG_WARN_CONSTANT_CONVERSION = YES;
				CLANG_WARN_DEPRECATED_OBJC_IMPLEMENTATIONS = YES;
				CLANG_WARN_DIRECT_OBJC_ISA_USAGE = YES_ERROR;
				CLANG_WARN_DOCUMENTATION_COMMENTS = YES;
				CLANG_WARN_EMPTY_BODY = YES;
				CLANG_WARN_ENUM_CONVERSION = YES;
				CLANG_WARN_INFINITE_RECURSION = YES;
				CLANG_WARN_INT_CONVERSION = YES;
				CLANG_WARN_NON_LITERAL_NULL_CONVERSION = YES;
				CLANG_WARN_OBJC_IMPLICIT_RETAIN_SELF = YES;
				CLANG_WARN_OBJC_LITERAL_CONVERSION = YES;
				CLANG_WARN_OBJC_ROOT_CLASS = YES_ERROR;
				CLANG_WARN_RANGE_LOOP_ANALYSIS = YES;
				CLANG_WARN_STRICT_PROTOTYPES = YES;
				CLANG_WARN_SUSPICIOUS_MOVE = YES;
				CLANG_WARN_UNGUARDED_AVAILABILITY = YES_AGGRESSIVE;
				CLANG_WARN_UNREACHABLE_CODE = YES;
				CLANG_WARN__DUPLICATE_METHOD_MATCH = YES;
				COPY_PHASE_STRIP = NO;
				DEBUG_INFORMATION_FORMAT = dwarf;
				ENABLE_STRICT_OBJC_MSGSEND = YES;
				ENABLE_TESTABILITY = YES;
				GCC_C_LANGUAGE_STANDARD = gnu11;
				GCC_DYNAMIC_NO_PIC = NO;
				GCC_NO_COMMON_BLOCKS = YES;
				GCC_OPTIMIZATION_LEVEL = 0;
				GCC_PREPROCESSOR_DEFINITIONS = (
					"DEBUG=1",
					"$(inherited)",
				);
				GCC_WARN_64_TO_32_BIT_CONVERSION = YES;
				GCC_WARN_ABOUT_RETURN_TYPE = YES_ERROR;
				GCC_WARN_UNDECLARED_SELECTOR = YES;
				GCC_WARN_UNINITIALIZED_AUTOS = YES_AGGRESSIVE;
				GCC_WARN_UNUSED_FUNCTION = YES;
				GCC_WARN_UNUSED_VARIABLE = YES;
				IPHONEOS_DEPLOYMENT_TARGET = 13.7;
				MTL_ENABLE_DEBUG_INFO = INCLUDE_SOURCE;
				MTL_FAST_MATH = YES;
				ONLY_ACTIVE_ARCH = YES;
				SDKROOT = iphoneos;
				SWIFT_ACTIVE_COMPILATION_CONDITIONS = DEBUG;
				SWIFT_OPTIMIZATION_LEVEL = "-Onone";
			};
			name = Debug;
		};
		5B14FE632508EF02005BFD73 /* Release */ = {
			isa = XCBuildConfiguration;
			buildSettings = {
				ALWAYS_SEARCH_USER_PATHS = NO;
				CLANG_ANALYZER_NONNULL = YES;
				CLANG_ANALYZER_NUMBER_OBJECT_CONVERSION = YES_AGGRESSIVE;
				CLANG_CXX_LANGUAGE_STANDARD = "gnu++14";
				CLANG_CXX_LIBRARY = "libc++";
				CLANG_ENABLE_MODULES = YES;
				CLANG_ENABLE_OBJC_ARC = YES;
				CLANG_ENABLE_OBJC_WEAK = YES;
				CLANG_WARN_BLOCK_CAPTURE_AUTORELEASING = YES;
				CLANG_WARN_BOOL_CONVERSION = YES;
				CLANG_WARN_COMMA = YES;
				CLANG_WARN_CONSTANT_CONVERSION = YES;
				CLANG_WARN_DEPRECATED_OBJC_IMPLEMENTATIONS = YES;
				CLANG_WARN_DIRECT_OBJC_ISA_USAGE = YES_ERROR;
				CLANG_WARN_DOCUMENTATION_COMMENTS = YES;
				CLANG_WARN_EMPTY_BODY = YES;
				CLANG_WARN_ENUM_CONVERSION = YES;
				CLANG_WARN_INFINITE_RECURSION = YES;
				CLANG_WARN_INT_CONVERSION = YES;
				CLANG_WARN_NON_LITERAL_NULL_CONVERSION = YES;
				CLANG_WARN_OBJC_IMPLICIT_RETAIN_SELF = YES;
				CLANG_WARN_OBJC_LITERAL_CONVERSION = YES;
				CLANG_WARN_OBJC_ROOT_CLASS = YES_ERROR;
				CLANG_WARN_RANGE_LOOP_ANALYSIS = YES;
				CLANG_WARN_STRICT_PROTOTYPES = YES;
				CLANG_WARN_SUSPICIOUS_MOVE = YES;
				CLANG_WARN_UNGUARDED_AVAILABILITY = YES_AGGRESSIVE;
				CLANG_WARN_UNREACHABLE_CODE = YES;
				CLANG_WARN__DUPLICATE_METHOD_MATCH = YES;
				COPY_PHASE_STRIP = NO;
				DEBUG_INFORMATION_FORMAT = "dwarf-with-dsym";
				ENABLE_NS_ASSERTIONS = NO;
				ENABLE_STRICT_OBJC_MSGSEND = YES;
				GCC_C_LANGUAGE_STANDARD = gnu11;
				GCC_NO_COMMON_BLOCKS = YES;
				GCC_WARN_64_TO_32_BIT_CONVERSION = YES;
				GCC_WARN_ABOUT_RETURN_TYPE = YES_ERROR;
				GCC_WARN_UNDECLARED_SELECTOR = YES;
				GCC_WARN_UNINITIALIZED_AUTOS = YES_AGGRESSIVE;
				GCC_WARN_UNUSED_FUNCTION = YES;
				GCC_WARN_UNUSED_VARIABLE = YES;
				IPHONEOS_DEPLOYMENT_TARGET = 13.7;
				MTL_ENABLE_DEBUG_INFO = NO;
				MTL_FAST_MATH = YES;
				SDKROOT = iphoneos;
				SWIFT_COMPILATION_MODE = wholemodule;
				SWIFT_OPTIMIZATION_LEVEL = "-O";
				VALIDATE_PRODUCT = YES;
			};
			name = Release;
		};
		5B14FE652508EF02005BFD73 /* Debug */ = {
			isa = XCBuildConfiguration;
			buildSettings = {
				ASSETCATALOG_COMPILER_APPICON_NAME = AppIcon;
				CODE_SIGN_STYLE = Automatic;
				DEVELOPMENT_TEAM = JT5KN6QNQ2;
				INFOPLIST_FILE = STest/Info.plist;
				LD_RUNPATH_SEARCH_PATHS = (
					"$(inherited)",
					"@executable_path/Frameworks",
				);
				PRODUCT_BUNDLE_IDENTIFIER = dev.bsl.STest;
				PRODUCT_NAME = "$(TARGET_NAME)";
				SWIFT_VERSION = 5.0;
				TARGETED_DEVICE_FAMILY = "1,2";
			};
			name = Debug;
		};
		5B14FE662508EF02005BFD73 /* Release */ = {
			isa = XCBuildConfiguration;
			buildSettings = {
				ASSETCATALOG_COMPILER_APPICON_NAME = AppIcon;
				CODE_SIGN_STYLE = Automatic;
				DEVELOPMENT_TEAM = JT5KN6QNQ2;
				INFOPLIST_FILE = STest/Info.plist;
				LD_RUNPATH_SEARCH_PATHS = (
					"$(inherited)",
					"@executable_path/Frameworks",
				);
				PRODUCT_BUNDLE_IDENTIFIER = dev.bsl.STest;
				PRODUCT_NAME = "$(TARGET_NAME)";
				SWIFT_VERSION = 5.0;
				TARGETED_DEVICE_FAMILY = "1,2";
			};
			name = Release;
		};
/* End XCBuildConfiguration section */

/* Begin XCConfigurationList section */
		5B14FE482508EEFF005BFD73 /* Build configuration list for PBXProject "STest" */ = {
			isa = XCConfigurationList;
			buildConfigurations = (
				5B14FE622508EF02005BFD73 /* Debug */,
				5B14FE632508EF02005BFD73 /* Release */,
			);
			defaultConfigurationIsVisible = 0;
			defaultConfigurationName = Release;
		};
		5B14FE642508EF02005BFD73 /* Build configuration list for PBXNativeTarget "STest" */ = {
			isa = XCConfigurationList;
			buildConfigurations = (
				5B14FE652508EF02005BFD73 /* Debug */,
				5B14FE662508EF02005BFD73 /* Release */,
			);
			defaultConfigurationIsVisible = 0;
			defaultConfigurationName = Release;
		};
/* End XCConfigurationList section */

/* Begin XCVersionGroup section */
		5B14FE592508EEFF005BFD73 /* STest.xcdatamodeld */ = {
			isa = XCVersionGroup;
			children = (
				5B14FE5A2508EEFF005BFD73 /* STest.xcdatamodel */,
			);
			currentVersion = 5B14FE5A2508EEFF005BFD73 /* STest.xcdatamodel */;
			path = STest.xcdatamodeld;
			sourceTree = "<group>";
			versionGroupType = wrapper.xcdatamodel;
		};
/* End XCVersionGroup section */
	};
	rootObject = 5B14FE452508EEFF005BFD73 /* Project object */;
}
